
Microsoft Visual Studio Solution File, Format Version 12.00
# Visual Studio Version 17
VisualStudioVersion = 17.13.35825.156 d17.13
MinimumVisualStudioVersion = 10.0.40219.1
Project("{FAE04EC0-301F-11D3-BF4B-00C04F79EFBC}") = "BlogsApi", "BlogsApi\BlogsApi.csproj", "{D6364C8C-2048-4E15-8D3E-CA2AFA200FD0}"
EndProject
Project("{2150E333-8FDC-42A3-9474-1A3956D46DE8}") = "Kubernetes", "Kubernetes", "{02EA681E-C7D8-13C7-8484-4AC65E1B71E8}"
	ProjectSection(SolutionItems) = preProject
		deployment.yaml = deployment.yaml
		namespace.yaml = namespace.yaml
	EndProjectSection
EndProject
Project("{2150E333-8FDC-42A3-9474-1A3956D46DE8}") = "DockerHub", "DockerHub", "{2ED9F27B-A9B1-4979-B968-CA0BE58EB6DF}"
	ProjectSection(SolutionItems) = preProject
		build_and_push.sh = build_and_push.sh
	EndProjectSection
EndProject
Project("{E53339B2-1760-4266-BCC7-CA923CBCF16C}") = "docker-compose", "docker-compose.dcproj", "{81DDED9D-158B-E303-5F62-77A2896D2A5A}"
EndProject
Project("{2150E333-8FDC-42A3-9474-1A3956D46DE8}") = "helm", "helm", "{4D7A27FD-A5B2-4A52-966D-19F33D2754CC}"
EndProject
Project("{2150E333-8FDC-42A3-9474-1A3956D46DE8}") = "elasticsearch", "elasticsearch", "{4F59EC75-C579-4ACA-911C-1D5E5EC5B711}"
	ProjectSection(SolutionItems) = preProject
		elasticsearch-values.yaml = elasticsearch-values.yaml
	EndProjectSection
EndProject
Project("{2150E333-8FDC-42A3-9474-1A3956D46DE8}") = "fluent-bit", "fluent-bit", "{40691DD0-9BDA-49B4-B465-4F6183097737}"
	ProjectSection(SolutionItems) = preProject
		fluent-bit-values.yaml = fluent-bit-values.yaml
	EndProjectSection
EndProject
Project("{2150E333-8FDC-42A3-9474-1A3956D46DE8}") = "kibana", "kibana", "{E0454EBE-D4B3-42C2-AC11-D0CBF27C001E}"
	ProjectSection(SolutionItems) = preProject
		kibana-values.yaml = kibana-values.yaml
	EndProjectSection
EndProject
Global
	GlobalSection(SolutionConfigurationPlatforms) = preSolution
		Debug|Any CPU = Debug|Any CPU
		Release|Any CPU = Release|Any CPU
	EndGlobalSection
	GlobalSection(ProjectConfigurationPlatforms) = postSolution
		{D6364C8C-2048-4E15-8D3E-CA2AFA200FD0}.Debug|Any CPU.ActiveCfg = Debug|Any CPU
		{D6364C8C-2048-4E15-8D3E-CA2AFA200FD0}.Debug|Any CPU.Build.0 = Debug|Any CPU
		{D6364C8C-2048-4E15-8D3E-CA2AFA200FD0}.Release|Any CPU.ActiveCfg = Release|Any CPU
		{D6364C8C-2048-4E15-8D3E-CA2AFA200FD0}.Release|Any CPU.Build.0 = Release|Any CPU
		{81DDED9D-158B-E303-5F62-77A2896D2A5A}.Debug|Any CPU.ActiveCfg = Debug|Any CPU
		{81DDED9D-158B-E303-5F62-77A2896D2A5A}.Debug|Any CPU.Build.0 = Debug|Any CPU
		{81DDED9D-158B-E303-5F62-77A2896D2A5A}.Release|Any CPU.ActiveCfg = Release|Any CPU
		{81DDED9D-158B-E303-5F62-77A2896D2A5A}.Release|Any CPU.Build.0 = Release|Any CPU
	EndGlobalSection
	GlobalSection(SolutionProperties) = preSolution
		HideSolutionNode = FALSE
	EndGlobalSection
	GlobalSection(NestedProjects) = preSolution
		{4D7A27FD-A5B2-4A52-966D-19F33D2754CC} = {02EA681E-C7D8-13C7-8484-4AC65E1B71E8}
		{4F59EC75-C579-4ACA-911C-1D5E5EC5B711} = {4D7A27FD-A5B2-4A52-966D-19F33D2754CC}
		{40691DD0-9BDA-49B4-B465-4F6183097737} = {4D7A27FD-A5B2-4A52-966D-19F33D2754CC}
		{E0454EBE-D4B3-42C2-AC11-D0CBF27C001E} = {4D7A27FD-A5B2-4A52-966D-19F33D2754CC}
	EndGlobalSection
	GlobalSection(ExtensibilityGlobals) = postSolution
		SolutionGuid = {896DD07A-48C5-4631-A8E4-D84CC8CED68A}
	EndGlobalSection
EndGlobal
