
Microsoft Visual Studio Solution File, Format Version 12.00
# Visual Studio Version 17
VisualStudioVersion = 17.14.36327.8 d17.14
MinimumVisualStudioVersion = 10.0.40219.1
Project("{FAE04EC0-301F-11D3-BF4B-00C04F79EFBC}") = "ProcessingApp", "ProcessingApp\ProcessingApp.csproj", "{0CDE0DFD-F5BE-473C-B37B-C9FFEF381895}"
EndProject
Project("{E53339B2-1760-4266-BCC7-CA923CBCF16C}") = "docker-compose", "docker-compose.dcproj", "{81DDED9D-158B-E303-5F62-77A2896D2A5A}"
EndProject
Global
	GlobalSection(SolutionConfigurationPlatforms) = preSolution
		Debug|Any CPU = Debug|Any CPU
		Release|Any CPU = Release|Any CPU
	EndGlobalSection
	GlobalSection(ProjectConfigurationPlatforms) = postSolution
		{0CDE0DFD-F5BE-473C-B37B-C9FFEF381895}.Debug|Any CPU.ActiveCfg = Debug|Any CPU
		{0CDE0DFD-F5BE-473C-B37B-C9FFEF381895}.Debug|Any CPU.Build.0 = Debug|Any CPU
		{0CDE0DFD-F5BE-473C-B37B-C9FFEF381895}.Release|Any CPU.ActiveCfg = Release|Any CPU
		{0CDE0DFD-F5BE-473C-B37B-C9FFEF381895}.Release|Any CPU.Build.0 = Release|Any CPU
		{81DDED9D-158B-E303-5F62-77A2896D2A5A}.Debug|Any CPU.ActiveCfg = Debug|Any CPU
		{81DDED9D-158B-E303-5F62-77A2896D2A5A}.Debug|Any CPU.Build.0 = Debug|Any CPU
		{81DDED9D-158B-E303-5F62-77A2896D2A5A}.Release|Any CPU.ActiveCfg = Release|Any CPU
		{81DDED9D-158B-E303-5F62-77A2896D2A5A}.Release|Any CPU.Build.0 = Release|Any CPU
	EndGlobalSection
	GlobalSection(SolutionProperties) = preSolution
		HideSolutionNode = FALSE
	EndGlobalSection
	GlobalSection(ExtensibilityGlobals) = postSolution
		SolutionGuid = {60A739A9-C1BA-4998-9DCD-CFDF5CE585A6}
	EndGlobalSection
EndGlobal
